
Microsoft Visual Studio Solution File, Format Version 10.00
# Visual Studio 2008
Project("{FAE04EC0-301F-11D3-BF4B-00C04F79EFBC}") = "DDay.iCal", "DDay.iCal\DDay.iCal.csproj", "{F88DB6D3-CB95-4707-9C88-B53403AADC61}"
EndProject
Project("{FAE04EC0-301F-11D3-BF4B-00C04F79EFBC}") = "DDay.iCal.Test", "DDay.iCal.Test\DDay.iCal.Test.csproj", "{C72FB9D4-C875-44D0-8856-C7B59D184334}"
EndProject
Project("{FAE04EC0-301F-11D3-BF4B-00C04F79EFBC}") = "DDay.iCal.Silverlight", "DDay.iCal\DDay.iCal.Silverlight.csproj", "{5BFF7DAC-E96B-4218-8952-1FCE5D9C016F}"
EndProject
Global
	GlobalSection(SolutionConfigurationPlatforms) = preSolution
		Debug|Any CPU = Debug|Any CPU
		Release|Any CPU = Release|Any CPU
	EndGlobalSection
	GlobalSection(ProjectConfigurationPlatforms) = postSolution
		{F88DB6D3-CB95-4707-9C88-B53403AADC61}.Debug|Any CPU.ActiveCfg = Debug|Any CPU
		{F88DB6D3-CB95-4707-9C88-B53403AADC61}.Debug|Any CPU.Build.0 = Debug|Any CPU
		{F88DB6D3-CB95-4707-9C88-B53403AADC61}.Release|Any CPU.ActiveCfg = Release|Any CPU
		{F88DB6D3-CB95-4707-9C88-B53403AADC61}.Release|Any CPU.Build.0 = Release|Any CPU
		{C72FB9D4-C875-44D0-8856-C7B59D184334}.Debug|Any CPU.ActiveCfg = Debug|Any CPU
		{C72FB9D4-C875-44D0-8856-C7B59D184334}.Debug|Any CPU.Build.0 = Debug|Any CPU
		{C72FB9D4-C875-44D0-8856-C7B59D184334}.Release|Any CPU.ActiveCfg = Release|Any CPU
		{C72FB9D4-C875-44D0-8856-C7B59D184334}.Release|Any CPU.Build.0 = Release|Any CPU
		{5BFF7DAC-E96B-4218-8952-1FCE5D9C016F}.Debug|Any CPU.ActiveCfg = Debug|Any CPU
		{5BFF7DAC-E96B-4218-8952-1FCE5D9C016F}.Debug|Any CPU.Build.0 = Debug|Any CPU
		{5BFF7DAC-E96B-4218-8952-1FCE5D9C016F}.Release|Any CPU.ActiveCfg = Release|Any CPU
		{5BFF7DAC-E96B-4218-8952-1FCE5D9C016F}.Release|Any CPU.Build.0 = Release|Any CPU
	EndGlobalSection
	GlobalSection(SolutionProperties) = preSolution
		HideSolutionNode = FALSE
	EndGlobalSection
EndGlobal
