
Microsoft Visual Studio Solution File, Format Version 12.00
# Visual Studio 14
VisualStudioVersion = 14.0.25420.1
MinimumVisualStudioVersion = 10.0.40219.1
Project("{FAE04EC0-301F-11D3-BF4B-00C04F79EFBC}") = "ical.net", "ical.NET\ical.net.csproj", "{F88DB6D3-CB95-4707-9C88-B53403AADC61}"
EndProject
Project("{FAE04EC0-301F-11D3-BF4B-00C04F79EFBC}") = "ical.net.unittests", "ical.NET.UnitTests\ical.net.unittests.csproj", "{38A02D06-15CC-436A-9C8F-07B84A7E2CE0}"
EndProject
Project("{FAE04EC0-301F-11D3-BF4B-00C04F79EFBC}") = "ical.net.collections", "ical.NET.Collections\ical.NET.Collections\ical.net.collections.csproj", "{E04EFEB6-4625-4D58-AC91-7B8B8A2C97BB}"
EndProject
Project("{FAE04EC0-301F-11D3-BF4B-00C04F79EFBC}") = "antlr.runtime", "antlr.runtime\antlr.runtime.csproj", "{CB7CC882-ED47-46C0-AAAE-7A437F22F1C6}"
EndProject
Global
	GlobalSection(SolutionConfigurationPlatforms) = preSolution
		Debug46|Any CPU = Debug46|Any CPU
		Debug46|Mixed Platforms = Debug46|Mixed Platforms
		Debug46|x64 = Debug46|x64
		Debug46|x86 = Debug46|x86
		Release40|Any CPU = Release40|Any CPU
		Release40|Mixed Platforms = Release40|Mixed Platforms
		Release40|x64 = Release40|x64
		Release40|x86 = Release40|x86
		Release45|Any CPU = Release45|Any CPU
		Release45|Mixed Platforms = Release45|Mixed Platforms
		Release45|x64 = Release45|x64
		Release45|x86 = Release45|x86
		Release46|Any CPU = Release46|Any CPU
		Release46|Mixed Platforms = Release46|Mixed Platforms
		Release46|x64 = Release46|x64
		Release46|x86 = Release46|x86
	EndGlobalSection
	GlobalSection(ProjectConfigurationPlatforms) = postSolution
		{F88DB6D3-CB95-4707-9C88-B53403AADC61}.Debug46|Any CPU.ActiveCfg = Debug46|Any CPU
		{F88DB6D3-CB95-4707-9C88-B53403AADC61}.Debug46|Any CPU.Build.0 = Debug46|Any CPU
		{F88DB6D3-CB95-4707-9C88-B53403AADC61}.Debug46|Mixed Platforms.ActiveCfg = Debug46|Any CPU
		{F88DB6D3-CB95-4707-9C88-B53403AADC61}.Debug46|Mixed Platforms.Build.0 = Debug46|Any CPU
		{F88DB6D3-CB95-4707-9C88-B53403AADC61}.Debug46|x64.ActiveCfg = Debug46|Any CPU
		{F88DB6D3-CB95-4707-9C88-B53403AADC61}.Debug46|x64.Build.0 = Debug46|Any CPU
		{F88DB6D3-CB95-4707-9C88-B53403AADC61}.Debug46|x86.ActiveCfg = Debug46|Any CPU
		{F88DB6D3-CB95-4707-9C88-B53403AADC61}.Debug46|x86.Build.0 = Debug46|Any CPU
		{F88DB6D3-CB95-4707-9C88-B53403AADC61}.Release40|Any CPU.ActiveCfg = Release40|Any CPU
		{F88DB6D3-CB95-4707-9C88-B53403AADC61}.Release40|Any CPU.Build.0 = Release40|Any CPU
		{F88DB6D3-CB95-4707-9C88-B53403AADC61}.Release40|Mixed Platforms.ActiveCfg = Release40|Any CPU
		{F88DB6D3-CB95-4707-9C88-B53403AADC61}.Release40|Mixed Platforms.Build.0 = Release40|Any CPU
		{F88DB6D3-CB95-4707-9C88-B53403AADC61}.Release40|x64.ActiveCfg = Release40|Any CPU
		{F88DB6D3-CB95-4707-9C88-B53403AADC61}.Release40|x64.Build.0 = Release40|Any CPU
		{F88DB6D3-CB95-4707-9C88-B53403AADC61}.Release40|x86.ActiveCfg = Release40|Any CPU
		{F88DB6D3-CB95-4707-9C88-B53403AADC61}.Release40|x86.Build.0 = Release40|Any CPU
		{F88DB6D3-CB95-4707-9C88-B53403AADC61}.Release45|Any CPU.ActiveCfg = Release45|Any CPU
		{F88DB6D3-CB95-4707-9C88-B53403AADC61}.Release45|Any CPU.Build.0 = Release45|Any CPU
		{F88DB6D3-CB95-4707-9C88-B53403AADC61}.Release45|Mixed Platforms.ActiveCfg = Release45|Any CPU
		{F88DB6D3-CB95-4707-9C88-B53403AADC61}.Release45|Mixed Platforms.Build.0 = Release45|Any CPU
		{F88DB6D3-CB95-4707-9C88-B53403AADC61}.Release45|x64.ActiveCfg = Release45|Any CPU
		{F88DB6D3-CB95-4707-9C88-B53403AADC61}.Release45|x64.Build.0 = Release45|Any CPU
		{F88DB6D3-CB95-4707-9C88-B53403AADC61}.Release45|x86.ActiveCfg = Release45|Any CPU
		{F88DB6D3-CB95-4707-9C88-B53403AADC61}.Release45|x86.Build.0 = Release45|Any CPU
		{F88DB6D3-CB95-4707-9C88-B53403AADC61}.Release46|Any CPU.ActiveCfg = Release46|Any CPU
		{F88DB6D3-CB95-4707-9C88-B53403AADC61}.Release46|Any CPU.Build.0 = Release46|Any CPU
		{F88DB6D3-CB95-4707-9C88-B53403AADC61}.Release46|Mixed Platforms.ActiveCfg = Release46|Any CPU
		{F88DB6D3-CB95-4707-9C88-B53403AADC61}.Release46|Mixed Platforms.Build.0 = Release46|Any CPU
		{F88DB6D3-CB95-4707-9C88-B53403AADC61}.Release46|x64.ActiveCfg = Release46|Any CPU
		{F88DB6D3-CB95-4707-9C88-B53403AADC61}.Release46|x64.Build.0 = Release46|Any CPU
		{F88DB6D3-CB95-4707-9C88-B53403AADC61}.Release46|x86.ActiveCfg = Release46|Any CPU
		{F88DB6D3-CB95-4707-9C88-B53403AADC61}.Release46|x86.Build.0 = Release46|Any CPU
		{38A02D06-15CC-436A-9C8F-07B84A7E2CE0}.Debug46|Any CPU.ActiveCfg = Debug46|Any CPU
		{38A02D06-15CC-436A-9C8F-07B84A7E2CE0}.Debug46|Any CPU.Build.0 = Debug46|Any CPU
		{38A02D06-15CC-436A-9C8F-07B84A7E2CE0}.Debug46|Mixed Platforms.ActiveCfg = Debug46|Any CPU
		{38A02D06-15CC-436A-9C8F-07B84A7E2CE0}.Debug46|Mixed Platforms.Build.0 = Debug46|Any CPU
		{38A02D06-15CC-436A-9C8F-07B84A7E2CE0}.Debug46|x64.ActiveCfg = Debug46|Any CPU
		{38A02D06-15CC-436A-9C8F-07B84A7E2CE0}.Debug46|x64.Build.0 = Debug46|Any CPU
		{38A02D06-15CC-436A-9C8F-07B84A7E2CE0}.Debug46|x86.ActiveCfg = Debug46|Any CPU
		{38A02D06-15CC-436A-9C8F-07B84A7E2CE0}.Debug46|x86.Build.0 = Debug46|Any CPU
		{38A02D06-15CC-436A-9C8F-07B84A7E2CE0}.Release40|Any CPU.ActiveCfg = Release40|Any CPU
		{38A02D06-15CC-436A-9C8F-07B84A7E2CE0}.Release40|Any CPU.Build.0 = Release40|Any CPU
		{38A02D06-15CC-436A-9C8F-07B84A7E2CE0}.Release40|Mixed Platforms.ActiveCfg = Release40|Any CPU
		{38A02D06-15CC-436A-9C8F-07B84A7E2CE0}.Release40|Mixed Platforms.Build.0 = Release40|Any CPU
		{38A02D06-15CC-436A-9C8F-07B84A7E2CE0}.Release40|x64.ActiveCfg = Release40|Any CPU
		{38A02D06-15CC-436A-9C8F-07B84A7E2CE0}.Release40|x64.Build.0 = Release40|Any CPU
		{38A02D06-15CC-436A-9C8F-07B84A7E2CE0}.Release40|x86.ActiveCfg = Release40|Any CPU
		{38A02D06-15CC-436A-9C8F-07B84A7E2CE0}.Release40|x86.Build.0 = Release40|Any CPU
		{38A02D06-15CC-436A-9C8F-07B84A7E2CE0}.Release45|Any CPU.ActiveCfg = Release45|Any CPU
		{38A02D06-15CC-436A-9C8F-07B84A7E2CE0}.Release45|Any CPU.Build.0 = Release45|Any CPU
		{38A02D06-15CC-436A-9C8F-07B84A7E2CE0}.Release45|Mixed Platforms.ActiveCfg = Release45|Any CPU
		{38A02D06-15CC-436A-9C8F-07B84A7E2CE0}.Release45|Mixed Platforms.Build.0 = Release45|Any CPU
		{38A02D06-15CC-436A-9C8F-07B84A7E2CE0}.Release45|x64.ActiveCfg = Release45|Any CPU
		{38A02D06-15CC-436A-9C8F-07B84A7E2CE0}.Release45|x64.Build.0 = Release45|Any CPU
		{38A02D06-15CC-436A-9C8F-07B84A7E2CE0}.Release45|x86.ActiveCfg = Release45|Any CPU
		{38A02D06-15CC-436A-9C8F-07B84A7E2CE0}.Release45|x86.Build.0 = Release45|Any CPU
		{38A02D06-15CC-436A-9C8F-07B84A7E2CE0}.Release46|Any CPU.ActiveCfg = Release46|Any CPU
		{38A02D06-15CC-436A-9C8F-07B84A7E2CE0}.Release46|Any CPU.Build.0 = Release46|Any CPU
		{38A02D06-15CC-436A-9C8F-07B84A7E2CE0}.Release46|Mixed Platforms.ActiveCfg = Release46|Any CPU
		{38A02D06-15CC-436A-9C8F-07B84A7E2CE0}.Release46|Mixed Platforms.Build.0 = Release46|Any CPU
		{38A02D06-15CC-436A-9C8F-07B84A7E2CE0}.Release46|x64.ActiveCfg = Release46|Any CPU
		{38A02D06-15CC-436A-9C8F-07B84A7E2CE0}.Release46|x64.Build.0 = Release46|Any CPU
		{38A02D06-15CC-436A-9C8F-07B84A7E2CE0}.Release46|x86.ActiveCfg = Release46|Any CPU
		{38A02D06-15CC-436A-9C8F-07B84A7E2CE0}.Release46|x86.Build.0 = Release46|Any CPU
		{E04EFEB6-4625-4D58-AC91-7B8B8A2C97BB}.Debug46|Any CPU.ActiveCfg = Debug46|Any CPU
		{E04EFEB6-4625-4D58-AC91-7B8B8A2C97BB}.Debug46|Any CPU.Build.0 = Debug46|Any CPU
		{E04EFEB6-4625-4D58-AC91-7B8B8A2C97BB}.Debug46|Mixed Platforms.ActiveCfg = Debug46|Any CPU
		{E04EFEB6-4625-4D58-AC91-7B8B8A2C97BB}.Debug46|Mixed Platforms.Build.0 = Debug46|Any CPU
		{E04EFEB6-4625-4D58-AC91-7B8B8A2C97BB}.Debug46|x64.ActiveCfg = Debug46|Any CPU
		{E04EFEB6-4625-4D58-AC91-7B8B8A2C97BB}.Debug46|x64.Build.0 = Debug46|Any CPU
		{E04EFEB6-4625-4D58-AC91-7B8B8A2C97BB}.Debug46|x86.ActiveCfg = Debug46|Any CPU
		{E04EFEB6-4625-4D58-AC91-7B8B8A2C97BB}.Debug46|x86.Build.0 = Debug46|Any CPU
		{E04EFEB6-4625-4D58-AC91-7B8B8A2C97BB}.Release40|Any CPU.ActiveCfg = Release40|Any CPU
		{E04EFEB6-4625-4D58-AC91-7B8B8A2C97BB}.Release40|Any CPU.Build.0 = Release40|Any CPU
		{E04EFEB6-4625-4D58-AC91-7B8B8A2C97BB}.Release40|Mixed Platforms.ActiveCfg = Release40|Any CPU
		{E04EFEB6-4625-4D58-AC91-7B8B8A2C97BB}.Release40|Mixed Platforms.Build.0 = Release40|Any CPU
		{E04EFEB6-4625-4D58-AC91-7B8B8A2C97BB}.Release40|x64.ActiveCfg = Release40|Any CPU
		{E04EFEB6-4625-4D58-AC91-7B8B8A2C97BB}.Release40|x64.Build.0 = Release40|Any CPU
		{E04EFEB6-4625-4D58-AC91-7B8B8A2C97BB}.Release40|x86.ActiveCfg = Release40|Any CPU
		{E04EFEB6-4625-4D58-AC91-7B8B8A2C97BB}.Release40|x86.Build.0 = Release40|Any CPU
		{E04EFEB6-4625-4D58-AC91-7B8B8A2C97BB}.Release45|Any CPU.ActiveCfg = Release45|Any CPU
		{E04EFEB6-4625-4D58-AC91-7B8B8A2C97BB}.Release45|Any CPU.Build.0 = Release45|Any CPU
		{E04EFEB6-4625-4D58-AC91-7B8B8A2C97BB}.Release45|Mixed Platforms.ActiveCfg = Release45|Any CPU
		{E04EFEB6-4625-4D58-AC91-7B8B8A2C97BB}.Release45|Mixed Platforms.Build.0 = Release45|Any CPU
		{E04EFEB6-4625-4D58-AC91-7B8B8A2C97BB}.Release45|x64.ActiveCfg = Release45|Any CPU
		{E04EFEB6-4625-4D58-AC91-7B8B8A2C97BB}.Release45|x64.Build.0 = Release45|Any CPU
		{E04EFEB6-4625-4D58-AC91-7B8B8A2C97BB}.Release45|x86.ActiveCfg = Release45|Any CPU
		{E04EFEB6-4625-4D58-AC91-7B8B8A2C97BB}.Release45|x86.Build.0 = Release45|Any CPU
		{E04EFEB6-4625-4D58-AC91-7B8B8A2C97BB}.Release46|Any CPU.ActiveCfg = Release46|Any CPU
		{E04EFEB6-4625-4D58-AC91-7B8B8A2C97BB}.Release46|Any CPU.Build.0 = Release46|Any CPU
		{E04EFEB6-4625-4D58-AC91-7B8B8A2C97BB}.Release46|Mixed Platforms.ActiveCfg = Release46|Any CPU
		{E04EFEB6-4625-4D58-AC91-7B8B8A2C97BB}.Release46|Mixed Platforms.Build.0 = Release46|Any CPU
		{E04EFEB6-4625-4D58-AC91-7B8B8A2C97BB}.Release46|x64.ActiveCfg = Release46|Any CPU
		{E04EFEB6-4625-4D58-AC91-7B8B8A2C97BB}.Release46|x64.Build.0 = Release46|Any CPU
		{E04EFEB6-4625-4D58-AC91-7B8B8A2C97BB}.Release46|x86.ActiveCfg = Release46|Any CPU
		{E04EFEB6-4625-4D58-AC91-7B8B8A2C97BB}.Release46|x86.Build.0 = Release46|Any CPU
		{CB7CC882-ED47-46C0-AAAE-7A437F22F1C6}.Debug46|Any CPU.ActiveCfg = Debug46|Any CPU
		{CB7CC882-ED47-46C0-AAAE-7A437F22F1C6}.Debug46|Any CPU.Build.0 = Debug46|Any CPU
		{CB7CC882-ED47-46C0-AAAE-7A437F22F1C6}.Debug46|Mixed Platforms.ActiveCfg = Debug46|Any CPU
		{CB7CC882-ED47-46C0-AAAE-7A437F22F1C6}.Debug46|Mixed Platforms.Build.0 = Debug46|Any CPU
		{CB7CC882-ED47-46C0-AAAE-7A437F22F1C6}.Debug46|x64.ActiveCfg = Debug46|Any CPU
		{CB7CC882-ED47-46C0-AAAE-7A437F22F1C6}.Debug46|x64.Build.0 = Debug46|Any CPU
		{CB7CC882-ED47-46C0-AAAE-7A437F22F1C6}.Debug46|x86.ActiveCfg = Debug46|Any CPU
		{CB7CC882-ED47-46C0-AAAE-7A437F22F1C6}.Debug46|x86.Build.0 = Debug46|Any CPU
		{CB7CC882-ED47-46C0-AAAE-7A437F22F1C6}.Release40|Any CPU.ActiveCfg = Release40|Any CPU
		{CB7CC882-ED47-46C0-AAAE-7A437F22F1C6}.Release40|Any CPU.Build.0 = Release40|Any CPU
		{CB7CC882-ED47-46C0-AAAE-7A437F22F1C6}.Release40|Mixed Platforms.ActiveCfg = Release40|Any CPU
		{CB7CC882-ED47-46C0-AAAE-7A437F22F1C6}.Release40|Mixed Platforms.Build.0 = Release40|Any CPU
		{CB7CC882-ED47-46C0-AAAE-7A437F22F1C6}.Release40|x64.ActiveCfg = Release40|Any CPU
		{CB7CC882-ED47-46C0-AAAE-7A437F22F1C6}.Release40|x64.Build.0 = Release40|Any CPU
		{CB7CC882-ED47-46C0-AAAE-7A437F22F1C6}.Release40|x86.ActiveCfg = Release40|Any CPU
		{CB7CC882-ED47-46C0-AAAE-7A437F22F1C6}.Release40|x86.Build.0 = Release40|Any CPU
		{CB7CC882-ED47-46C0-AAAE-7A437F22F1C6}.Release45|Any CPU.ActiveCfg = Release45|Any CPU
		{CB7CC882-ED47-46C0-AAAE-7A437F22F1C6}.Release45|Any CPU.Build.0 = Release45|Any CPU
		{CB7CC882-ED47-46C0-AAAE-7A437F22F1C6}.Release45|Mixed Platforms.ActiveCfg = Release45|Any CPU
		{CB7CC882-ED47-46C0-AAAE-7A437F22F1C6}.Release45|Mixed Platforms.Build.0 = Release45|Any CPU
		{CB7CC882-ED47-46C0-AAAE-7A437F22F1C6}.Release45|x64.ActiveCfg = Release45|Any CPU
		{CB7CC882-ED47-46C0-AAAE-7A437F22F1C6}.Release45|x64.Build.0 = Release45|Any CPU
		{CB7CC882-ED47-46C0-AAAE-7A437F22F1C6}.Release45|x86.ActiveCfg = Release45|Any CPU
		{CB7CC882-ED47-46C0-AAAE-7A437F22F1C6}.Release45|x86.Build.0 = Release45|Any CPU
		{CB7CC882-ED47-46C0-AAAE-7A437F22F1C6}.Release46|Any CPU.ActiveCfg = Release46|Any CPU
		{CB7CC882-ED47-46C0-AAAE-7A437F22F1C6}.Release46|Any CPU.Build.0 = Release46|Any CPU
		{CB7CC882-ED47-46C0-AAAE-7A437F22F1C6}.Release46|Mixed Platforms.ActiveCfg = Release46|Any CPU
		{CB7CC882-ED47-46C0-AAAE-7A437F22F1C6}.Release46|Mixed Platforms.Build.0 = Release46|Any CPU
		{CB7CC882-ED47-46C0-AAAE-7A437F22F1C6}.Release46|x64.ActiveCfg = Release46|Any CPU
		{CB7CC882-ED47-46C0-AAAE-7A437F22F1C6}.Release46|x64.Build.0 = Release46|Any CPU
		{CB7CC882-ED47-46C0-AAAE-7A437F22F1C6}.Release46|x86.ActiveCfg = Release46|Any CPU
		{CB7CC882-ED47-46C0-AAAE-7A437F22F1C6}.Release46|x86.Build.0 = Release46|Any CPU
	EndGlobalSection
	GlobalSection(SolutionProperties) = preSolution
		HideSolutionNode = FALSE
	EndGlobalSection
EndGlobal
