
Microsoft Visual Studio Solution File, Format Version 12.00
# Visual Studio Version 16
VisualStudioVersion = 16.0.30406.217
MinimumVisualStudioVersion = 10.0.40219.1
Project("{FAE04EC0-301F-11D3-BF4B-00C04F79EFBC}") = "Ical.Net", "ical.net\Ical.Net.csproj", "{F88DB6D3-CB95-4707-9C88-B53403AADC61}"
EndProject
Project("{FAE04EC0-301F-11D3-BF4B-00C04F79EFBC}") = "Ical.Net.UnitTests", "ical.net.UnitTests\Ical.Net.UnitTests.csproj", "{38A02D06-15CC-436A-9C8F-07B84A7E2CE0}"
EndProject
Project("{FAE04EC0-301F-11D3-BF4B-00C04F79EFBC}") = "Ical.Net.Collections", "ical.net.Collections\Ical.Net.Collections.csproj", "{E04EFEB6-4625-4D58-AC91-7B8B8A2C97BB}"
EndProject
Project("{FAE04EC0-301F-11D3-BF4B-00C04F79EFBC}") = "antlr.runtime", "antlr.runtime\antlr.runtime.csproj", "{CB7CC882-ED47-46C0-AAAE-7A437F22F1C6}"
EndProject
Project("{FAE04EC0-301F-11D3-BF4B-00C04F79EFBC}") = "PerfTesting", "PerfTesting\PerfTesting.csproj", "{76704332-B13A-440F-99E6-358B50BE86C7}"
EndProject
Global
	GlobalSection(SolutionConfigurationPlatforms) = preSolution
		Debug|Any CPU = Debug|Any CPU
		Debug|Mixed Platforms = Debug|Mixed Platforms
		Debug|x64 = Debug|x64
		Debug|x86 = Debug|x86
		Release|Any CPU = Release|Any CPU
		Release|Mixed Platforms = Release|Mixed Platforms
		Release|x64 = Release|x64
		Release|x86 = Release|x86
	EndGlobalSection
	GlobalSection(ProjectConfigurationPlatforms) = postSolution
		{F88DB6D3-CB95-4707-9C88-B53403AADC61}.Debug|Any CPU.ActiveCfg = Debug|Any CPU
		{F88DB6D3-CB95-4707-9C88-B53403AADC61}.Debug|Any CPU.Build.0 = Debug|Any CPU
		{F88DB6D3-CB95-4707-9C88-B53403AADC61}.Debug|Mixed Platforms.ActiveCfg = Debug|Any CPU
		{F88DB6D3-CB95-4707-9C88-B53403AADC61}.Debug|Mixed Platforms.Build.0 = Debug|Any CPU
		{F88DB6D3-CB95-4707-9C88-B53403AADC61}.Debug|x64.ActiveCfg = Debug|Any CPU
		{F88DB6D3-CB95-4707-9C88-B53403AADC61}.Debug|x64.Build.0 = Debug|Any CPU
		{F88DB6D3-CB95-4707-9C88-B53403AADC61}.Debug|x86.ActiveCfg = Debug|Any CPU
		{F88DB6D3-CB95-4707-9C88-B53403AADC61}.Debug|x86.Build.0 = Debug|Any CPU
		{F88DB6D3-CB95-4707-9C88-B53403AADC61}.Release|Any CPU.ActiveCfg = Release|Any CPU
		{F88DB6D3-CB95-4707-9C88-B53403AADC61}.Release|Any CPU.Build.0 = Release|Any CPU
		{F88DB6D3-CB95-4707-9C88-B53403AADC61}.Release|Mixed Platforms.ActiveCfg = Release|Any CPU
		{F88DB6D3-CB95-4707-9C88-B53403AADC61}.Release|Mixed Platforms.Build.0 = Release|Any CPU
		{F88DB6D3-CB95-4707-9C88-B53403AADC61}.Release|x64.ActiveCfg = Release|Any CPU
		{F88DB6D3-CB95-4707-9C88-B53403AADC61}.Release|x64.Build.0 = Release|Any CPU
		{F88DB6D3-CB95-4707-9C88-B53403AADC61}.Release|x86.ActiveCfg = Release|Any CPU
		{F88DB6D3-CB95-4707-9C88-B53403AADC61}.Release|x86.Build.0 = Release|Any CPU
		{38A02D06-15CC-436A-9C8F-07B84A7E2CE0}.Debug|Any CPU.ActiveCfg = Debug|Any CPU
		{38A02D06-15CC-436A-9C8F-07B84A7E2CE0}.Debug|Any CPU.Build.0 = Debug|Any CPU
		{38A02D06-15CC-436A-9C8F-07B84A7E2CE0}.Debug|Mixed Platforms.ActiveCfg = Debug|Any CPU
		{38A02D06-15CC-436A-9C8F-07B84A7E2CE0}.Debug|Mixed Platforms.Build.0 = Debug|Any CPU
		{38A02D06-15CC-436A-9C8F-07B84A7E2CE0}.Debug|x64.ActiveCfg = Debug|Any CPU
		{38A02D06-15CC-436A-9C8F-07B84A7E2CE0}.Debug|x64.Build.0 = Debug|Any CPU
		{38A02D06-15CC-436A-9C8F-07B84A7E2CE0}.Debug|x86.ActiveCfg = Debug|Any CPU
		{38A02D06-15CC-436A-9C8F-07B84A7E2CE0}.Debug|x86.Build.0 = Debug|Any CPU
		{38A02D06-15CC-436A-9C8F-07B84A7E2CE0}.Release|Any CPU.ActiveCfg = Release|Any CPU
		{38A02D06-15CC-436A-9C8F-07B84A7E2CE0}.Release|Any CPU.Build.0 = Release|Any CPU
		{38A02D06-15CC-436A-9C8F-07B84A7E2CE0}.Release|Mixed Platforms.ActiveCfg = Release|Any CPU
		{38A02D06-15CC-436A-9C8F-07B84A7E2CE0}.Release|Mixed Platforms.Build.0 = Release|Any CPU
		{38A02D06-15CC-436A-9C8F-07B84A7E2CE0}.Release|x64.ActiveCfg = Release|Any CPU
		{38A02D06-15CC-436A-9C8F-07B84A7E2CE0}.Release|x64.Build.0 = Release|Any CPU
		{38A02D06-15CC-436A-9C8F-07B84A7E2CE0}.Release|x86.ActiveCfg = Release|Any CPU
		{38A02D06-15CC-436A-9C8F-07B84A7E2CE0}.Release|x86.Build.0 = Release|Any CPU
		{E04EFEB6-4625-4D58-AC91-7B8B8A2C97BB}.Debug|Any CPU.ActiveCfg = Debug|Any CPU
		{E04EFEB6-4625-4D58-AC91-7B8B8A2C97BB}.Debug|Any CPU.Build.0 = Debug|Any CPU
		{E04EFEB6-4625-4D58-AC91-7B8B8A2C97BB}.Debug|Mixed Platforms.ActiveCfg = Debug|Any CPU
		{E04EFEB6-4625-4D58-AC91-7B8B8A2C97BB}.Debug|Mixed Platforms.Build.0 = Debug|Any CPU
		{E04EFEB6-4625-4D58-AC91-7B8B8A2C97BB}.Debug|x64.ActiveCfg = Debug|Any CPU
		{E04EFEB6-4625-4D58-AC91-7B8B8A2C97BB}.Debug|x64.Build.0 = Debug|Any CPU
		{E04EFEB6-4625-4D58-AC91-7B8B8A2C97BB}.Debug|x86.ActiveCfg = Debug|Any CPU
		{E04EFEB6-4625-4D58-AC91-7B8B8A2C97BB}.Debug|x86.Build.0 = Debug|Any CPU
		{E04EFEB6-4625-4D58-AC91-7B8B8A2C97BB}.Release|Any CPU.ActiveCfg = Release|Any CPU
		{E04EFEB6-4625-4D58-AC91-7B8B8A2C97BB}.Release|Any CPU.Build.0 = Release|Any CPU
		{E04EFEB6-4625-4D58-AC91-7B8B8A2C97BB}.Release|Mixed Platforms.ActiveCfg = Release|Any CPU
		{E04EFEB6-4625-4D58-AC91-7B8B8A2C97BB}.Release|Mixed Platforms.Build.0 = Release|Any CPU
		{E04EFEB6-4625-4D58-AC91-7B8B8A2C97BB}.Release|x64.ActiveCfg = Release|Any CPU
		{E04EFEB6-4625-4D58-AC91-7B8B8A2C97BB}.Release|x64.Build.0 = Release|Any CPU
		{E04EFEB6-4625-4D58-AC91-7B8B8A2C97BB}.Release|x86.ActiveCfg = Release|Any CPU
		{E04EFEB6-4625-4D58-AC91-7B8B8A2C97BB}.Release|x86.Build.0 = Release|Any CPU
		{CB7CC882-ED47-46C0-AAAE-7A437F22F1C6}.Debug|Any CPU.ActiveCfg = Debug|Any CPU
		{CB7CC882-ED47-46C0-AAAE-7A437F22F1C6}.Debug|Any CPU.Build.0 = Debug|Any CPU
		{CB7CC882-ED47-46C0-AAAE-7A437F22F1C6}.Debug|Mixed Platforms.ActiveCfg = Debug|Any CPU
		{CB7CC882-ED47-46C0-AAAE-7A437F22F1C6}.Debug|Mixed Platforms.Build.0 = Debug|Any CPU
		{CB7CC882-ED47-46C0-AAAE-7A437F22F1C6}.Debug|x64.ActiveCfg = Debug|Any CPU
		{CB7CC882-ED47-46C0-AAAE-7A437F22F1C6}.Debug|x64.Build.0 = Debug|Any CPU
		{CB7CC882-ED47-46C0-AAAE-7A437F22F1C6}.Debug|x86.ActiveCfg = Debug|Any CPU
		{CB7CC882-ED47-46C0-AAAE-7A437F22F1C6}.Debug|x86.Build.0 = Debug|Any CPU
		{CB7CC882-ED47-46C0-AAAE-7A437F22F1C6}.Release|Any CPU.ActiveCfg = Release|Any CPU
		{CB7CC882-ED47-46C0-AAAE-7A437F22F1C6}.Release|Any CPU.Build.0 = Release|Any CPU
		{CB7CC882-ED47-46C0-AAAE-7A437F22F1C6}.Release|Mixed Platforms.ActiveCfg = Release|Any CPU
		{CB7CC882-ED47-46C0-AAAE-7A437F22F1C6}.Release|Mixed Platforms.Build.0 = Release|Any CPU
		{CB7CC882-ED47-46C0-AAAE-7A437F22F1C6}.Release|x64.ActiveCfg = Release|Any CPU
		{CB7CC882-ED47-46C0-AAAE-7A437F22F1C6}.Release|x64.Build.0 = Release|Any CPU
		{CB7CC882-ED47-46C0-AAAE-7A437F22F1C6}.Release|x86.ActiveCfg = Release|Any CPU
		{CB7CC882-ED47-46C0-AAAE-7A437F22F1C6}.Release|x86.Build.0 = Release|Any CPU
		{76704332-B13A-440F-99E6-358B50BE86C7}.Debug|Any CPU.ActiveCfg = Debug|Any CPU
		{76704332-B13A-440F-99E6-358B50BE86C7}.Debug|Any CPU.Build.0 = Debug|Any CPU
		{76704332-B13A-440F-99E6-358B50BE86C7}.Debug|Mixed Platforms.ActiveCfg = Debug|Any CPU
		{76704332-B13A-440F-99E6-358B50BE86C7}.Debug|Mixed Platforms.Build.0 = Debug|Any CPU
		{76704332-B13A-440F-99E6-358B50BE86C7}.Debug|x64.ActiveCfg = Debug|Any CPU
		{76704332-B13A-440F-99E6-358B50BE86C7}.Debug|x64.Build.0 = Debug|Any CPU
		{76704332-B13A-440F-99E6-358B50BE86C7}.Debug|x86.ActiveCfg = Debug|Any CPU
		{76704332-B13A-440F-99E6-358B50BE86C7}.Debug|x86.Build.0 = Debug|Any CPU
		{76704332-B13A-440F-99E6-358B50BE86C7}.Release|Any CPU.ActiveCfg = Release|Any CPU
		{76704332-B13A-440F-99E6-358B50BE86C7}.Release|Any CPU.Build.0 = Release|Any CPU
		{76704332-B13A-440F-99E6-358B50BE86C7}.Release|Mixed Platforms.ActiveCfg = Release|Any CPU
		{76704332-B13A-440F-99E6-358B50BE86C7}.Release|Mixed Platforms.Build.0 = Release|Any CPU
		{76704332-B13A-440F-99E6-358B50BE86C7}.Release|x64.ActiveCfg = Release|Any CPU
		{76704332-B13A-440F-99E6-358B50BE86C7}.Release|x64.Build.0 = Release|Any CPU
		{76704332-B13A-440F-99E6-358B50BE86C7}.Release|x86.ActiveCfg = Release|Any CPU
		{76704332-B13A-440F-99E6-358B50BE86C7}.Release|x86.Build.0 = Release|Any CPU
	EndGlobalSection
	GlobalSection(SolutionProperties) = preSolution
		HideSolutionNode = FALSE
	EndGlobalSection
	GlobalSection(ExtensibilityGlobals) = postSolution
		SolutionGuid = {FB0BD32E-85B9-4674-90AF-5B83AC08AC77}
	EndGlobalSection
EndGlobal
