
Microsoft Visual Studio Solution File, Format Version 12.00
# Visual Studio 14
VisualStudioVersion = 14.0.25420.1
MinimumVisualStudioVersion = 10.0.40219.1
Project("{8BB2217D-0F2D-49D1-97BC-3654ED321F3B}") = "ical.net", "ical.net\ical.net.xproj", "{494FD1F0-C0B3-431A-9086-E8277A30ABE2}"
EndProject
Project("{8BB2217D-0F2D-49D1-97BC-3654ED321F3B}") = "antlr.runtime", "antlr.runtime\antlr.runtime.xproj", "{3D1D9431-3D88-45E7-9E5B-8FD4D0CAD27D}"
EndProject
Project("{8BB2217D-0F2D-49D1-97BC-3654ED321F3B}") = "ical.net.unittests", "ical.net.unittests\ical.net.unittests.xproj", "{AC9DECA0-FB41-496D-8A19-51FF2CE1C775}"
EndProject
Project("{8BB2217D-0F2D-49D1-97BC-3654ED321F3B}") = "ical.net.collections", "ical.net.collections\ical.net.collections.xproj", "{6C136DA6-DB3B-43B7-A8D8-DD824FB55E52}"
EndProject
Global
	GlobalSection(SolutionConfigurationPlatforms) = preSolution
		Debug|Any CPU = Debug|Any CPU
		Release|Any CPU = Release|Any CPU
	EndGlobalSection
	GlobalSection(ProjectConfigurationPlatforms) = postSolution
		{494FD1F0-C0B3-431A-9086-E8277A30ABE2}.Debug|Any CPU.ActiveCfg = Debug|Any CPU
		{494FD1F0-C0B3-431A-9086-E8277A30ABE2}.Debug|Any CPU.Build.0 = Debug|Any CPU
		{494FD1F0-C0B3-431A-9086-E8277A30ABE2}.Release|Any CPU.ActiveCfg = Release|Any CPU
		{494FD1F0-C0B3-431A-9086-E8277A30ABE2}.Release|Any CPU.Build.0 = Release|Any CPU
		{3D1D9431-3D88-45E7-9E5B-8FD4D0CAD27D}.Debug|Any CPU.ActiveCfg = Debug|Any CPU
		{3D1D9431-3D88-45E7-9E5B-8FD4D0CAD27D}.Debug|Any CPU.Build.0 = Debug|Any CPU
		{3D1D9431-3D88-45E7-9E5B-8FD4D0CAD27D}.Release|Any CPU.ActiveCfg = Release|Any CPU
		{3D1D9431-3D88-45E7-9E5B-8FD4D0CAD27D}.Release|Any CPU.Build.0 = Release|Any CPU
		{AC9DECA0-FB41-496D-8A19-51FF2CE1C775}.Debug|Any CPU.ActiveCfg = Debug|Any CPU
		{AC9DECA0-FB41-496D-8A19-51FF2CE1C775}.Debug|Any CPU.Build.0 = Debug|Any CPU
		{AC9DECA0-FB41-496D-8A19-51FF2CE1C775}.Release|Any CPU.ActiveCfg = Release|Any CPU
		{AC9DECA0-FB41-496D-8A19-51FF2CE1C775}.Release|Any CPU.Build.0 = Release|Any CPU
		{6C136DA6-DB3B-43B7-A8D8-DD824FB55E52}.Debug|Any CPU.ActiveCfg = Debug|Any CPU
		{6C136DA6-DB3B-43B7-A8D8-DD824FB55E52}.Debug|Any CPU.Build.0 = Debug|Any CPU
		{6C136DA6-DB3B-43B7-A8D8-DD824FB55E52}.Release|Any CPU.ActiveCfg = Release|Any CPU
		{6C136DA6-DB3B-43B7-A8D8-DD824FB55E52}.Release|Any CPU.Build.0 = Release|Any CPU
	EndGlobalSection
	GlobalSection(SolutionProperties) = preSolution
		HideSolutionNode = FALSE
	EndGlobalSection
EndGlobal
