
Microsoft Visual Studio Solution File, Format Version 11.00
# Visual Studio 2010
Project("{FAE04EC0-301F-11D3-BF4B-00C04F79EFBC}") = "DDay.Collections", "DDay.Collections\DDay.Collections.csproj", "{E04EFEB6-4625-4D58-AC91-7B8B8A2C97BB}"
EndProject
Project("{FAE04EC0-301F-11D3-BF4B-00C04F79EFBC}") = "DDay.Collections.Test", "DDay.Collections.Test\DDay.Collections.Test.csproj", "{B8DF17ED-924B-4526-9B94-B96DF7B5CB80}"
EndProject
Global
	GlobalSection(SolutionConfigurationPlatforms) = preSolution
		Debug|Any CPU = Debug|Any CPU
		Debug|x86 = Debug|x86
		Release|Any CPU = Release|Any CPU
		Release|x86 = Release|x86
	EndGlobalSection
	GlobalSection(ProjectConfigurationPlatforms) = postSolution
		{E04EFEB6-4625-4D58-AC91-7B8B8A2C97BB}.Debug|Any CPU.ActiveCfg = Debug|Any CPU
		{E04EFEB6-4625-4D58-AC91-7B8B8A2C97BB}.Debug|Any CPU.Build.0 = Debug|Any CPU
		{E04EFEB6-4625-4D58-AC91-7B8B8A2C97BB}.Debug|x86.ActiveCfg = Debug|x86
		{E04EFEB6-4625-4D58-AC91-7B8B8A2C97BB}.Debug|x86.Build.0 = Debug|x86
		{E04EFEB6-4625-4D58-AC91-7B8B8A2C97BB}.Release|Any CPU.ActiveCfg = Release|Any CPU
		{E04EFEB6-4625-4D58-AC91-7B8B8A2C97BB}.Release|Any CPU.Build.0 = Release|Any CPU
		{E04EFEB6-4625-4D58-AC91-7B8B8A2C97BB}.Release|x86.ActiveCfg = Release|x86
		{E04EFEB6-4625-4D58-AC91-7B8B8A2C97BB}.Release|x86.Build.0 = Release|x86
		{B8DF17ED-924B-4526-9B94-B96DF7B5CB80}.Debug|Any CPU.ActiveCfg = Debug|Any CPU
		{B8DF17ED-924B-4526-9B94-B96DF7B5CB80}.Debug|Any CPU.Build.0 = Debug|Any CPU
		{B8DF17ED-924B-4526-9B94-B96DF7B5CB80}.Debug|x86.ActiveCfg = Debug|x86
		{B8DF17ED-924B-4526-9B94-B96DF7B5CB80}.Debug|x86.Build.0 = Debug|x86
		{B8DF17ED-924B-4526-9B94-B96DF7B5CB80}.Release|Any CPU.ActiveCfg = Release|x86
		{B8DF17ED-924B-4526-9B94-B96DF7B5CB80}.Release|x86.ActiveCfg = Release|x86
		{B8DF17ED-924B-4526-9B94-B96DF7B5CB80}.Release|x86.Build.0 = Release|x86
	EndGlobalSection
	GlobalSection(SolutionProperties) = preSolution
		HideSolutionNode = FALSE
	EndGlobalSection
EndGlobal
