
Microsoft Visual Studio Solution File, Format Version 12.00
# Visual Studio 15
VisualStudioVersion = 15.0.27004.2008
MinimumVisualStudioVersion = 10.0.40219.1
Project("{9A19103F-16F7-4668-BE54-9A1E7A4F7556}") = "NetCoreConsole", "NetCoreConsole\NetCoreConsole.csproj", "{2DDF67AC-E9CA-4386-85B3-EAAF46B7CBF6}"
EndProject
Project("{FAE04EC0-301F-11D3-BF4B-00C04F79EFBC}") = "FrameworkConsole", "FrameworkConsole\FrameworkConsole.csproj", "{A2EE82E3-1C20-4D39-97F8-A149520DAD79}"
EndProject
Project("{9A19103F-16F7-4668-BE54-9A1E7A4F7556}") = "Ical.Net", "..\net-core\Ical.Net\Ical.Net\Ical.Net.csproj", "{F5FC48D2-8E37-4F75-974B-C6B0631D544A}"
EndProject
Project("{FAE04EC0-301F-11D3-BF4B-00C04F79EFBC}") = "NugetTester", "NugetTester\NugetTester.csproj", "{2FF63BDB-55DC-47A7-B60C-C6079F365DA1}"
EndProject
Global
	GlobalSection(SolutionConfigurationPlatforms) = preSolution
		Debug|Any CPU = Debug|Any CPU
		Release|Any CPU = Release|Any CPU
	EndGlobalSection
	GlobalSection(ProjectConfigurationPlatforms) = postSolution
		{2DDF67AC-E9CA-4386-85B3-EAAF46B7CBF6}.Debug|Any CPU.ActiveCfg = Debug|Any CPU
		{2DDF67AC-E9CA-4386-85B3-EAAF46B7CBF6}.Debug|Any CPU.Build.0 = Debug|Any CPU
		{2DDF67AC-E9CA-4386-85B3-EAAF46B7CBF6}.Release|Any CPU.ActiveCfg = Release|Any CPU
		{2DDF67AC-E9CA-4386-85B3-EAAF46B7CBF6}.Release|Any CPU.Build.0 = Release|Any CPU
		{A2EE82E3-1C20-4D39-97F8-A149520DAD79}.Debug|Any CPU.ActiveCfg = Debug|Any CPU
		{A2EE82E3-1C20-4D39-97F8-A149520DAD79}.Debug|Any CPU.Build.0 = Debug|Any CPU
		{A2EE82E3-1C20-4D39-97F8-A149520DAD79}.Release|Any CPU.ActiveCfg = Release|Any CPU
		{A2EE82E3-1C20-4D39-97F8-A149520DAD79}.Release|Any CPU.Build.0 = Release|Any CPU
		{F5FC48D2-8E37-4F75-974B-C6B0631D544A}.Debug|Any CPU.ActiveCfg = Debug|Any CPU
		{F5FC48D2-8E37-4F75-974B-C6B0631D544A}.Debug|Any CPU.Build.0 = Debug|Any CPU
		{F5FC48D2-8E37-4F75-974B-C6B0631D544A}.Release|Any CPU.ActiveCfg = Release|Any CPU
		{F5FC48D2-8E37-4F75-974B-C6B0631D544A}.Release|Any CPU.Build.0 = Release|Any CPU
		{2FF63BDB-55DC-47A7-B60C-C6079F365DA1}.Debug|Any CPU.ActiveCfg = Debug|Any CPU
		{2FF63BDB-55DC-47A7-B60C-C6079F365DA1}.Debug|Any CPU.Build.0 = Debug|Any CPU
		{2FF63BDB-55DC-47A7-B60C-C6079F365DA1}.Release|Any CPU.ActiveCfg = Release|Any CPU
		{2FF63BDB-55DC-47A7-B60C-C6079F365DA1}.Release|Any CPU.Build.0 = Release|Any CPU
	EndGlobalSection
	GlobalSection(SolutionProperties) = preSolution
		HideSolutionNode = FALSE
	EndGlobalSection
	GlobalSection(ExtensibilityGlobals) = postSolution
		SolutionGuid = {764BB214-508D-4481-A526-8CFFC72073F2}
	EndGlobalSection
EndGlobal
